// !$*UTF8*$!
{
	archiveVersion = 1;
	classes = {
	};
	objectVersion = 50;
	objects = {

/* Begin PBXBuildFile section */
		4BCECE5D61F61AC7701C239A /* Pods_HelloWorldWithPodsUITests.framework in Frameworks */ = {isa = PBXBuildFile; fileRef = 879522ABDE4BC74ED871B3D4 /* Pods_HelloWorldWithPodsUITests.framework */; };
		6438AF3632AC83DC8FD7DC93 /* Pods_HelloWorldWithPodsTests.framework in Frameworks */ = {isa = PBXBuildFile; fileRef = 4634880F62F99F084CE3535B /* Pods_HelloWorldWithPodsTests.framework */; };
		9852C6CDDCE6E43608730156 /* Pods_HelloWorldWithPods.framework in Frameworks */ = {isa = PBXBuildFile; fileRef = 40B25C9AE5919ACC108D44CE /* Pods_HelloWorldWithPods.framework */; };
		DCD8A4322122D1A80000BF62 /* AppDelegate.swift in Sources */ = {isa = PBXBuildFile; fileRef = DCD8A4312122D1A80000BF62 /* AppDelegate.swift */; };
		DCD8A4342122D1A80000BF62 /* ViewController.swift in Sources */ = {isa = PBXBuildFile; fileRef = DCD8A4332122D1A80000BF62 /* ViewController.swift */; };
		DCD8A4372122D1A80000BF62 /* Main.storyboard in Resources */ = {isa = PBXBuildFile; fileRef = DCD8A4352122D1A80000BF62 /* Main.storyboard */; };
		DCD8A4392122D1AB0000BF62 /* Assets.xcassets in Resources */ = {isa = PBXBuildFile; fileRef = DCD8A4382122D1AB0000BF62 /* Assets.xcassets */; };
		DCD8A43C2122D1AB0000BF62 /* LaunchScreen.storyboard in Resources */ = {isa = PBXBuildFile; fileRef = DCD8A43A2122D1AB0000BF62 /* LaunchScreen.storyboard */; };
		DCD8A4472122D1AB0000BF62 /* HelloWorldWithPodsTests.swift in Sources */ = {isa = PBXBuildFile; fileRef = DCD8A4462122D1AB0000BF62 /* HelloWorldWithPodsTests.swift */; };
		DCD8A4522122D1AB0000BF62 /* HelloWorldWithPodsUITests.swift in Sources */ = {isa = PBXBuildFile; fileRef = DCD8A4512122D1AB0000BF62 /* HelloWorldWithPodsUITests.swift */; };
/* End PBXBuildFile section */

/* Begin PBXContainerItemProxy section */
		DCD8A4432122D1AB0000BF62 /* PBXContainerItemProxy */ = {
			isa = PBXContainerItemProxy;
			containerPortal = DCD8A4262122D1A80000BF62 /* Project object */;
			proxyType = 1;
			remoteGlobalIDString = DCD8A42D2122D1A80000BF62;
			remoteInfo = HelloWorldWithPods;
		};
		DCD8A44E2122D1AB0000BF62 /* PBXContainerItemProxy */ = {
			isa = PBXContainerItemProxy;
			containerPortal = DCD8A4262122D1A80000BF62 /* Project object */;
			proxyType = 1;
			remoteGlobalIDString = DCD8A42D2122D1A80000BF62;
			remoteInfo = HelloWorldWithPods;
		};
/* End PBXContainerItemProxy section */

/* Begin PBXFileReference section */
		217DB9BD849BF32D8429FCE0 /* Pods-HelloWorldWithPods.release.xcconfig */ = {isa = PBXFileReference; includeInIndex = 1; lastKnownFileType = text.xcconfig; name = "Pods-HelloWorldWithPods.release.xcconfig"; path = "Pods/Target Support Files/Pods-HelloWorldWithPods/Pods-HelloWorldWithPods.release.xcconfig"; sourceTree = "<group>"; };
		3803B5C8AFA14D5635B10AC2 /* Pods-HelloWorldWithPodsTests.release.xcconfig */ = {isa = PBXFileReference; includeInIndex = 1; lastKnownFileType = text.xcconfig; name = "Pods-HelloWorldWithPodsTests.release.xcconfig"; path = "Pods/Target Support Files/Pods-HelloWorldWithPodsTests/Pods-HelloWorldWithPodsTests.release.xcconfig"; sourceTree = "<group>"; };
		388FBFA09D003F96C924D618 /* Pods-HelloWorldWithPodsTests.debug.xcconfig */ = {isa = PBXFileReference; includeInIndex = 1; lastKnownFileType = text.xcconfig; name = "Pods-HelloWorldWithPodsTests.debug.xcconfig"; path = "Pods/Target Support Files/Pods-HelloWorldWithPodsTests/Pods-HelloWorldWithPodsTests.debug.xcconfig"; sourceTree = "<group>"; };
		3B9126EDAFFD6585F12F9EE4 /* Pods-HelloWorldWithPods.debug.xcconfig */ = {isa = PBXFileReference; includeInIndex = 1; lastKnownFileType = text.xcconfig; name = "Pods-HelloWorldWithPods.debug.xcconfig"; path = "Pods/Target Support Files/Pods-HelloWorldWithPods/Pods-HelloWorldWithPods.debug.xcconfig"; sourceTree = "<group>"; };
		40B25C9AE5919ACC108D44CE /* Pods_HelloWorldWithPods.framework */ = {isa = PBXFileReference; explicitFileType = wrapper.framework; includeInIndex = 0; path = Pods_HelloWorldWithPods.framework; sourceTree = BUILT_PRODUCTS_DIR; };
		4634880F62F99F084CE3535B /* Pods_HelloWorldWithPodsTests.framework */ = {isa = PBXFileReference; explicitFileType = wrapper.framework; includeInIndex = 0; path = Pods_HelloWorldWithPodsTests.framework; sourceTree = BUILT_PRODUCTS_DIR; };
		4B458DB9FCB703C8F9EBB6E9 /* Pods-HelloWorldWithPodsUITests.release.xcconfig */ = {isa = PBXFileReference; includeInIndex = 1; lastKnownFileType = text.xcconfig; name = "Pods-HelloWorldWithPodsUITests.release.xcconfig"; path = "Pods/Target Support Files/Pods-HelloWorldWithPodsUITests/Pods-HelloWorldWithPodsUITests.release.xcconfig"; sourceTree = "<group>"; };
		879522ABDE4BC74ED871B3D4 /* Pods_HelloWorldWithPodsUITests.framework */ = {isa = PBXFileReference; explicitFileType = wrapper.framework; includeInIndex = 0; path = Pods_HelloWorldWithPodsUITests.framework; sourceTree = BUILT_PRODUCTS_DIR; };
		A45C7CB1E605DB3D064F1C2E /* Pods-HelloWorldWithPodsUITests.debug.xcconfig */ = {isa = PBXFileReference; includeInIndex = 1; lastKnownFileType = text.xcconfig; name = "Pods-HelloWorldWithPodsUITests.debug.xcconfig"; path = "Pods/Target Support Files/Pods-HelloWorldWithPodsUITests/Pods-HelloWorldWithPodsUITests.debug.xcconfig"; sourceTree = "<group>"; };
		DCD8A42E2122D1A80000BF62 /* HelloWorldWithPods.app */ = {isa = PBXFileReference; explicitFileType = wrapper.application; includeInIndex = 0; path = HelloWorldWithPods.app; sourceTree = BUILT_PRODUCTS_DIR; };
		DCD8A4312122D1A80000BF62 /* AppDelegate.swift */ = {isa = PBXFileReference; lastKnownFileType = sourcecode.swift; path = AppDelegate.swift; sourceTree = "<group>"; };
		DCD8A4332122D1A80000BF62 /* ViewController.swift */ = {isa = PBXFileReference; lastKnownFileType = sourcecode.swift; path = ViewController.swift; sourceTree = "<group>"; };
		DCD8A4362122D1A80000BF62 /* Base */ = {isa = PBXFileReference; lastKnownFileType = file.storyboard; name = Base; path = Base.lproj/Main.storyboard; sourceTree = "<group>"; };
		DCD8A4382122D1AB0000BF62 /* Assets.xcassets */ = {isa = PBXFileReference; lastKnownFileType = folder.assetcatalog; path = Assets.xcassets; sourceTree = "<group>"; };
		DCD8A43B2122D1AB0000BF62 /* Base */ = {isa = PBXFileReference; lastKnownFileType = file.storyboard; name = Base; path = Base.lproj/LaunchScreen.storyboard; sourceTree = "<group>"; };
		DCD8A43D2122D1AB0000BF62 /* Info.plist */ = {isa = PBXFileReference; lastKnownFileType = text.plist.xml; path = Info.plist; sourceTree = "<group>"; };
		DCD8A4422122D1AB0000BF62 /* HelloWorldWithPodsTests.xctest */ = {isa = PBXFileReference; explicitFileType = wrapper.cfbundle; includeInIndex = 0; path = HelloWorldWithPodsTests.xctest; sourceTree = BUILT_PRODUCTS_DIR; };
		DCD8A4462122D1AB0000BF62 /* HelloWorldWithPodsTests.swift */ = {isa = PBXFileReference; lastKnownFileType = sourcecode.swift; path = HelloWorldWithPodsTests.swift; sourceTree = "<group>"; };
		DCD8A4482122D1AB0000BF62 /* Info.plist */ = {isa = PBXFileReference; lastKnownFileType = text.plist.xml; path = Info.plist; sourceTree = "<group>"; };
		DCD8A44D2122D1AB0000BF62 /* HelloWorldWithPodsUITests.xctest */ = {isa = PBXFileReference; explicitFileType = wrapper.cfbundle; includeInIndex = 0; path = HelloWorldWithPodsUITests.xctest; sourceTree = BUILT_PRODUCTS_DIR; };
		DCD8A4512122D1AB0000BF62 /* HelloWorldWithPodsUITests.swift */ = {isa = PBXFileReference; lastKnownFileType = sourcecode.swift; path = HelloWorldWithPodsUITests.swift; sourceTree = "<group>"; };
		DCD8A4532122D1AB0000BF62 /* Info.plist */ = {isa = PBXFileReference; lastKnownFileType = text.plist.xml; path = Info.plist; sourceTree = "<group>"; };
/* End PBXFileReference section */

/* Begin PBXFrameworksBuildPhase section */
		DCD8A42B2122D1A80000BF62 /* Frameworks */ = {
			isa = PBXFrameworksBuildPhase;
			buildActionMask = 2147483647;
			files = (
				9852C6CDDCE6E43608730156 /* Pods_HelloWorldWithPods.framework in Frameworks */,
			);
			runOnlyForDeploymentPostprocessing = 0;
		};
		DCD8A43F2122D1AB0000BF62 /* Frameworks */ = {
			isa = PBXFrameworksBuildPhase;
			buildActionMask = 2147483647;
			files = (
				6438AF3632AC83DC8FD7DC93 /* Pods_HelloWorldWithPodsTests.framework in Frameworks */,
			);
			runOnlyForDeploymentPostprocessing = 0;
		};
		DCD8A44A2122D1AB0000BF62 /* Frameworks */ = {
			isa = PBXFrameworksBuildPhase;
			buildActionMask = 2147483647;
			files = (
				4BCECE5D61F61AC7701C239A /* Pods_HelloWorldWithPodsUITests.framework in Frameworks */,
			);
			runOnlyForDeploymentPostprocessing = 0;
		};
/* End PBXFrameworksBuildPhase section */

/* Begin PBXGroup section */
		373BF69D0F901EA3ED1676D2 /* Frameworks */ = {
			isa = PBXGroup;
			children = (
				40B25C9AE5919ACC108D44CE /* Pods_HelloWorldWithPods.framework */,
				4634880F62F99F084CE3535B /* Pods_HelloWorldWithPodsTests.framework */,
				879522ABDE4BC74ED871B3D4 /* Pods_HelloWorldWithPodsUITests.framework */,
			);
			name = Frameworks;
			sourceTree = "<group>";
		};
		D0AE538D778562A078FDAC7A /* Pods */ = {
			isa = PBXGroup;
			children = (
				3B9126EDAFFD6585F12F9EE4 /* Pods-HelloWorldWithPods.debug.xcconfig */,
				217DB9BD849BF32D8429FCE0 /* Pods-HelloWorldWithPods.release.xcconfig */,
				388FBFA09D003F96C924D618 /* Pods-HelloWorldWithPodsTests.debug.xcconfig */,
				3803B5C8AFA14D5635B10AC2 /* Pods-HelloWorldWithPodsTests.release.xcconfig */,
				A45C7CB1E605DB3D064F1C2E /* Pods-HelloWorldWithPodsUITests.debug.xcconfig */,
				4B458DB9FCB703C8F9EBB6E9 /* Pods-HelloWorldWithPodsUITests.release.xcconfig */,
			);
			name = Pods;
			sourceTree = "<group>";
		};
		DCD8A4252122D1A80000BF62 = {
			isa = PBXGroup;
			children = (
				DCD8A4302122D1A80000BF62 /* HelloWorldWithPods */,
				DCD8A4452122D1AB0000BF62 /* HelloWorldWithPodsTests */,
				DCD8A4502122D1AB0000BF62 /* HelloWorldWithPodsUITests */,
				DCD8A42F2122D1A80000BF62 /* Products */,
				D0AE538D778562A078FDAC7A /* Pods */,
				373BF69D0F901EA3ED1676D2 /* Frameworks */,
			);
			sourceTree = "<group>";
		};
		DCD8A42F2122D1A80000BF62 /* Products */ = {
			isa = PBXGroup;
			children = (
				DCD8A42E2122D1A80000BF62 /* HelloWorldWithPods.app */,
				DCD8A4422122D1AB0000BF62 /* HelloWorldWithPodsTests.xctest */,
				DCD8A44D2122D1AB0000BF62 /* HelloWorldWithPodsUITests.xctest */,
			);
			name = Products;
			sourceTree = "<group>";
		};
		DCD8A4302122D1A80000BF62 /* HelloWorldWithPods */ = {
			isa = PBXGroup;
			children = (
				DCD8A4312122D1A80000BF62 /* AppDelegate.swift */,
				DCD8A4332122D1A80000BF62 /* ViewController.swift */,
				DCD8A4352122D1A80000BF62 /* Main.storyboard */,
				DCD8A4382122D1AB0000BF62 /* Assets.xcassets */,
				DCD8A43A2122D1AB0000BF62 /* LaunchScreen.storyboard */,
				DCD8A43D2122D1AB0000BF62 /* Info.plist */,
			);
			path = HelloWorldWithPods;
			sourceTree = "<group>";
		};
		DCD8A4452122D1AB0000BF62 /* HelloWorldWithPodsTests */ = {
			isa = PBXGroup;
			children = (
				DCD8A4462122D1AB0000BF62 /* HelloWorldWithPodsTests.swift */,
				DCD8A4482122D1AB0000BF62 /* Info.plist */,
			);
			path = HelloWorldWithPodsTests;
			sourceTree = "<group>";
		};
		DCD8A4502122D1AB0000BF62 /* HelloWorldWithPodsUITests */ = {
			isa = PBXGroup;
			children = (
				DCD8A4512122D1AB0000BF62 /* HelloWorldWithPodsUITests.swift */,
				DCD8A4532122D1AB0000BF62 /* Info.plist */,
			);
			path = HelloWorldWithPodsUITests;
			sourceTree = "<group>";
		};
/* End PBXGroup section */

/* Begin PBXNativeTarget section */
		DCD8A42D2122D1A80000BF62 /* HelloWorldWithPods */ = {
			isa = PBXNativeTarget;
			buildConfigurationList = DCD8A4562122D1AB0000BF62 /* Build configuration list for PBXNativeTarget "HelloWorldWithPods" */;
			buildPhases = (
				08AA5FD3E4D53E34F8A12536 /* [CP] Check Pods Manifest.lock */,
				DCD8A42A2122D1A80000BF62 /* Sources */,
				DCD8A42B2122D1A80000BF62 /* Frameworks */,
				DCD8A42C2122D1A80000BF62 /* Resources */,
				5236A9B93B731F1B45E5E5F6 /* [CP] Embed Pods Frameworks */,
				DCDAA4CE2141288500B3FDED /* ShellScript */,
				5347CC06133DAA13ADE37749 /* [CP] Copy Pods Resources */,
			);
			buildRules = (
			);
			dependencies = (
			);
			name = HelloWorldWithPods;
			productName = HelloWorldWithPods;
			productReference = DCD8A42E2122D1A80000BF62 /* HelloWorldWithPods.app */;
			productType = "com.apple.product-type.application";
		};
		DCD8A4412122D1AB0000BF62 /* HelloWorldWithPodsTests */ = {
			isa = PBXNativeTarget;
			buildConfigurationList = DCD8A4592122D1AB0000BF62 /* Build configuration list for PBXNativeTarget "HelloWorldWithPodsTests" */;
			buildPhases = (
				C44C0F278E42E6F48069A428 /* [CP] Check Pods Manifest.lock */,
				DCD8A43E2122D1AB0000BF62 /* Sources */,
				DCD8A43F2122D1AB0000BF62 /* Frameworks */,
				DCD8A4402122D1AB0000BF62 /* Resources */,
			);
			buildRules = (
			);
			dependencies = (
				DCD8A4442122D1AB0000BF62 /* PBXTargetDependency */,
			);
			name = HelloWorldWithPodsTests;
			productName = HelloWorldWithPodsTests;
			productReference = DCD8A4422122D1AB0000BF62 /* HelloWorldWithPodsTests.xctest */;
			productType = "com.apple.product-type.bundle.unit-test";
		};
		DCD8A44C2122D1AB0000BF62 /* HelloWorldWithPodsUITests */ = {
			isa = PBXNativeTarget;
			buildConfigurationList = DCD8A45C2122D1AB0000BF62 /* Build configuration list for PBXNativeTarget "HelloWorldWithPodsUITests" */;
			buildPhases = (
				F71983172EB0E526B6605963 /* [CP] Check Pods Manifest.lock */,
				DCD8A4492122D1AB0000BF62 /* Sources */,
				DCD8A44A2122D1AB0000BF62 /* Frameworks */,
				DCD8A44B2122D1AB0000BF62 /* Resources */,
			);
			buildRules = (
			);
			dependencies = (
				DCD8A44F2122D1AB0000BF62 /* PBXTargetDependency */,
			);
			name = HelloWorldWithPodsUITests;
			productName = HelloWorldWithPodsUITests;
			productReference = DCD8A44D2122D1AB0000BF62 /* HelloWorldWithPodsUITests.xctest */;
			productType = "com.apple.product-type.bundle.ui-testing";
		};
/* End PBXNativeTarget section */

/* Begin PBXProject section */
		DCD8A4262122D1A80000BF62 /* Project object */ = {
			isa = PBXProject;
			attributes = {
				LastSwiftUpdateCheck = 0940;
				LastUpgradeCheck = 0940;
				ORGANIZATIONNAME = "François-Julien Alcaraz";
				TargetAttributes = {
					DCD8A42D2122D1A80000BF62 = {
						CreatedOnToolsVersion = 9.4.1;
					};
					DCD8A4412122D1AB0000BF62 = {
						CreatedOnToolsVersion = 9.4.1;
						TestTargetID = DCD8A42D2122D1A80000BF62;
					};
					DCD8A44C2122D1AB0000BF62 = {
						CreatedOnToolsVersion = 9.4.1;
						TestTargetID = DCD8A42D2122D1A80000BF62;
					};
				};
			};
			buildConfigurationList = DCD8A4292122D1A80000BF62 /* Build configuration list for PBXProject "HelloWorldWithPods" */;
			compatibilityVersion = "Xcode 9.3";
			developmentRegion = en;
			hasScannedForEncodings = 0;
			knownRegions = (
				en,
				Base,
			);
			mainGroup = DCD8A4252122D1A80000BF62;
			productRefGroup = DCD8A42F2122D1A80000BF62 /* Products */;
			projectDirPath = "";
			projectRoot = "";
			targets = (
				DCD8A42D2122D1A80000BF62 /* HelloWorldWithPods */,
				DCD8A4412122D1AB0000BF62 /* HelloWorldWithPodsTests */,
				DCD8A44C2122D1AB0000BF62 /* HelloWorldWithPodsUITests */,
			);
		};
/* End PBXProject section */

/* Begin PBXResourcesBuildPhase section */
		DCD8A42C2122D1A80000BF62 /* Resources */ = {
			isa = PBXResourcesBuildPhase;
			buildActionMask = 2147483647;
			files = (
				DCD8A43C2122D1AB0000BF62 /* LaunchScreen.storyboard in Resources */,
				DCD8A4392122D1AB0000BF62 /* Assets.xcassets in Resources */,
				DCD8A4372122D1A80000BF62 /* Main.storyboard in Resources */,
			);
			runOnlyForDeploymentPostprocessing = 0;
		};
		DCD8A4402122D1AB0000BF62 /* Resources */ = {
			isa = PBXResourcesBuildPhase;
			buildActionMask = 2147483647;
			files = (
			);
			runOnlyForDeploymentPostprocessing = 0;
		};
		DCD8A44B2122D1AB0000BF62 /* Resources */ = {
			isa = PBXResourcesBuildPhase;
			buildActionMask = 2147483647;
			files = (
			);
			runOnlyForDeploymentPostprocessing = 0;
		};
/* End PBXResourcesBuildPhase section */

/* Begin PBXShellScriptBuildPhase section */
		08AA5FD3E4D53E34F8A12536 /* [CP] Check Pods Manifest.lock */ = {
			isa = PBXShellScriptBuildPhase;
			buildActionMask = 2147483647;
			files = (
			);
			inputPaths = (
				"${PODS_PODFILE_DIR_PATH}/Podfile.lock",
				"${PODS_ROOT}/Manifest.lock",
			);
			name = "[CP] Check Pods Manifest.lock";
			outputPaths = (
				"$(DERIVED_FILE_DIR)/Pods-HelloWorldWithPods-checkManifestLockResult.txt",
			);
			runOnlyForDeploymentPostprocessing = 0;
			shellPath = /bin/sh;
			shellScript = "diff \"${PODS_PODFILE_DIR_PATH}/Podfile.lock\" \"${PODS_ROOT}/Manifest.lock\" > /dev/null\nif [ $? != 0 ] ; then\n    # print error to STDERR\n    echo \"error: The sandbox is not in sync with the Podfile.lock. Run 'pod install' or update your CocoaPods installation.\" >&2\n    exit 1\nfi\n# This output is used by Xcode 'outputs' to avoid re-running this script phase.\necho \"SUCCESS\" > \"${SCRIPT_OUTPUT_FILE_0}\"\n";
			showEnvVarsInLog = 0;
		};
		5236A9B93B731F1B45E5E5F6 /* [CP] Embed Pods Frameworks */ = {
			isa = PBXShellScriptBuildPhase;
			buildActionMask = 2147483647;
			files = (
			);
			inputPaths = (
				"${SRCROOT}/Pods/Target Support Files/Pods-HelloWorldWithPods/Pods-HelloWorldWithPods-frameworks.sh",
				"${BUILT_PRODUCTS_DIR}/AAPhotoCircleCrop/AAPhotoCircleCrop.framework",
				"${BUILT_PRODUCTS_DIR}/DependencyExample/DependencyExample.framework",
				"${BUILT_PRODUCTS_DIR}/GoogleToolboxForMac/GoogleToolboxForMac.framework",
				"${BUILT_PRODUCTS_DIR}/IDZSwiftCommonCrypto/IDZSwiftCommonCrypto.framework",
				"${BUILT_PRODUCTS_DIR}/KeychainAccess/KeychainAccess.framework",
				"${BUILT_PRODUCTS_DIR}/ObjectMapper/ObjectMapper.framework",
				"${BUILT_PRODUCTS_DIR}/ReachabilitySwift/ReachabilitySwift.framework",
				"${BUILT_PRODUCTS_DIR}/SwiftyRSA/SwiftyRSA.framework",
				"${BUILT_PRODUCTS_DIR}/TPKeyboardAvoiding/TPKeyboardAvoiding.framework",
				"${BUILT_PRODUCTS_DIR}/XCGLogger/XCGLogger.framework",
			);
			name = "[CP] Embed Pods Frameworks";
			outputPaths = (
				"${TARGET_BUILD_DIR}/${FRAMEWORKS_FOLDER_PATH}/AAPhotoCircleCrop.framework",
				"${TARGET_BUILD_DIR}/${FRAMEWORKS_FOLDER_PATH}/DependencyExample.framework",
				"${TARGET_BUILD_DIR}/${FRAMEWORKS_FOLDER_PATH}/GoogleToolboxForMac.framework",
				"${TARGET_BUILD_DIR}/${FRAMEWORKS_FOLDER_PATH}/IDZSwiftCommonCrypto.framework",
				"${TARGET_BUILD_DIR}/${FRAMEWORKS_FOLDER_PATH}/KeychainAccess.framework",
				"${TARGET_BUILD_DIR}/${FRAMEWORKS_FOLDER_PATH}/ObjectMapper.framework",
				"${TARGET_BUILD_DIR}/${FRAMEWORKS_FOLDER_PATH}/ReachabilitySwift.framework",
				"${TARGET_BUILD_DIR}/${FRAMEWORKS_FOLDER_PATH}/SwiftyRSA.framework",
				"${TARGET_BUILD_DIR}/${FRAMEWORKS_FOLDER_PATH}/TPKeyboardAvoiding.framework",
				"${TARGET_BUILD_DIR}/${FRAMEWORKS_FOLDER_PATH}/XCGLogger.framework",
			);
			runOnlyForDeploymentPostprocessing = 0;
			shellPath = /bin/sh;
			shellScript = "\"${SRCROOT}/Pods/Target Support Files/Pods-HelloWorldWithPods/Pods-HelloWorldWithPods-frameworks.sh\"\n";
			showEnvVarsInLog = 0;
		};
		5347CC06133DAA13ADE37749 /* [CP] Copy Pods Resources */ = {
			isa = PBXShellScriptBuildPhase;
			buildActionMask = 2147483647;
			files = (
			);
			inputFileListPaths = (
			);
			inputPaths = (
				"${SRCROOT}/Pods/Target Support Files/Pods-HelloWorldWithPods/Pods-HelloWorldWithPods-resources.sh",
				"${PODS_ROOT}/GoogleMaps/Maps/Frameworks/GoogleMaps.framework/Resources/GoogleMaps.bundle",
			);
			name = "[CP] Copy Pods Resources";
			outputFileListPaths = (
			);
			outputPaths = (
				"${TARGET_BUILD_DIR}/${UNLOCALIZED_RESOURCES_FOLDER_PATH}/GoogleMaps.bundle",
			);
			runOnlyForDeploymentPostprocessing = 0;
			shellPath = /bin/sh;
			shellScript = "\"${SRCROOT}/Pods/Target Support Files/Pods-HelloWorldWithPods/Pods-HelloWorldWithPods-resources.sh\"\n";
			showEnvVarsInLog = 0;
		};
		C44C0F278E42E6F48069A428 /* [CP] Check Pods Manifest.lock */ = {
			isa = PBXShellScriptBuildPhase;
			buildActionMask = 2147483647;
			files = (
			);
			inputPaths = (
				"${PODS_PODFILE_DIR_PATH}/Podfile.lock",
				"${PODS_ROOT}/Manifest.lock",
			);
			name = "[CP] Check Pods Manifest.lock";
			outputPaths = (
				"$(DERIVED_FILE_DIR)/Pods-HelloWorldWithPodsTests-checkManifestLockResult.txt",
			);
			runOnlyForDeploymentPostprocessing = 0;
			shellPath = /bin/sh;
			shellScript = "diff \"${PODS_PODFILE_DIR_PATH}/Podfile.lock\" \"${PODS_ROOT}/Manifest.lock\" > /dev/null\nif [ $? != 0 ] ; then\n    # print error to STDERR\n    echo \"error: The sandbox is not in sync with the Podfile.lock. Run 'pod install' or update your CocoaPods installation.\" >&2\n    exit 1\nfi\n# This output is used by Xcode 'outputs' to avoid re-running this script phase.\necho \"SUCCESS\" > \"${SCRIPT_OUTPUT_FILE_0}\"\n";
			showEnvVarsInLog = 0;
		};
		DCDAA4CE2141288500B3FDED /* ShellScript */ = {
			isa = PBXShellScriptBuildPhase;
			buildActionMask = 2147483647;
			files = (
			);
			inputPaths = (
			);
			outputPaths = (
			);
			runOnlyForDeploymentPostprocessing = 0;
			shellPath = /bin/sh;
			shellScript = "\"${PODS_ROOT}/Fabric/run\" 00ad56942fd0cbd9c8f9cdc32f01d90d29269231 0115a76fec4eed6f9f56571b9dac98ec88225ce4fe63df91c2822742ea8baa14";
		};
		F71983172EB0E526B6605963 /* [CP] Check Pods Manifest.lock */ = {
			isa = PBXShellScriptBuildPhase;
			buildActionMask = 2147483647;
			files = (
			);
			inputPaths = (
				"${PODS_PODFILE_DIR_PATH}/Podfile.lock",
				"${PODS_ROOT}/Manifest.lock",
			);
			name = "[CP] Check Pods Manifest.lock";
			outputPaths = (
				"$(DERIVED_FILE_DIR)/Pods-HelloWorldWithPodsUITests-checkManifestLockResult.txt",
			);
			runOnlyForDeploymentPostprocessing = 0;
			shellPath = /bin/sh;
			shellScript = "diff \"${PODS_PODFILE_DIR_PATH}/Podfile.lock\" \"${PODS_ROOT}/Manifest.lock\" > /dev/null\nif [ $? != 0 ] ; then\n    # print error to STDERR\n    echo \"error: The sandbox is not in sync with the Podfile.lock. Run 'pod install' or update your CocoaPods installation.\" >&2\n    exit 1\nfi\n# This output is used by Xcode 'outputs' to avoid re-running this script phase.\necho \"SUCCESS\" > \"${SCRIPT_OUTPUT_FILE_0}\"\n";
			showEnvVarsInLog = 0;
		};
/* End PBXShellScriptBuildPhase section */

/* Begin PBXSourcesBuildPhase section */
		DCD8A42A2122D1A80000BF62 /* Sources */ = {
			isa = PBXSourcesBuildPhase;
			buildActionMask = 2147483647;
			files = (
				DCD8A4342122D1A80000BF62 /* ViewController.swift in Sources */,
				DCD8A4322122D1A80000BF62 /* AppDelegate.swift in Sources */,
			);
			runOnlyForDeploymentPostprocessing = 0;
		};
		DCD8A43E2122D1AB0000BF62 /* Sources */ = {
			isa = PBXSourcesBuildPhase;
			buildActionMask = 2147483647;
			files = (
				DCD8A4472122D1AB0000BF62 /* HelloWorldWithPodsTests.swift in Sources */,
			);
			runOnlyForDeploymentPostprocessing = 0;
		};
		DCD8A4492122D1AB0000BF62 /* Sources */ = {
			isa = PBXSourcesBuildPhase;
			buildActionMask = 2147483647;
			files = (
				DCD8A4522122D1AB0000BF62 /* HelloWorldWithPodsUITests.swift in Sources */,
			);
			runOnlyForDeploymentPostprocessing = 0;
		};
/* End PBXSourcesBuildPhase section */

/* Begin PBXTargetDependency section */
		DCD8A4442122D1AB0000BF62 /* PBXTargetDependency */ = {
			isa = PBXTargetDependency;
			target = DCD8A42D2122D1A80000BF62 /* HelloWorldWithPods */;
			targetProxy = DCD8A4432122D1AB0000BF62 /* PBXContainerItemProxy */;
		};
		DCD8A44F2122D1AB0000BF62 /* PBXTargetDependency */ = {
			isa = PBXTargetDependency;
			target = DCD8A42D2122D1A80000BF62 /* HelloWorldWithPods */;
			targetProxy = DCD8A44E2122D1AB0000BF62 /* PBXContainerItemProxy */;
		};
/* End PBXTargetDependency section */

/* Begin PBXVariantGroup section */
		DCD8A4352122D1A80000BF62 /* Main.storyboard */ = {
			isa = PBXVariantGroup;
			children = (
				DCD8A4362122D1A80000BF62 /* Base */,
			);
			name = Main.storyboard;
			sourceTree = "<group>";
		};
		DCD8A43A2122D1AB0000BF62 /* LaunchScreen.storyboard */ = {
			isa = PBXVariantGroup;
			children = (
				DCD8A43B2122D1AB0000BF62 /* Base */,
			);
			name = LaunchScreen.storyboard;
			sourceTree = "<group>";
		};
/* End PBXVariantGroup section */

/* Begin XCBuildConfiguration section */
		DCD8A4542122D1AB0000BF62 /* Debug */ = {
			isa = XCBuildConfiguration;
			buildSettings = {
				ALWAYS_SEARCH_USER_PATHS = NO;
				CLANG_ANALYZER_NONNULL = YES;
				CLANG_ANALYZER_NUMBER_OBJECT_CONVERSION = YES_AGGRESSIVE;
				CLANG_CXX_LANGUAGE_STANDARD = "gnu++14";
				CLANG_CXX_LIBRARY = "libc++";
				CLANG_ENABLE_MODULES = YES;
				CLANG_ENABLE_OBJC_ARC = YES;
				CLANG_ENABLE_OBJC_WEAK = YES;
				CLANG_WARN_BLOCK_CAPTURE_AUTORELEASING = YES;
				CLANG_WARN_BOOL_CONVERSION = YES;
				CLANG_WARN_COMMA = YES;
				CLANG_WARN_CONSTANT_CONVERSION = YES;
				CLANG_WARN_DEPRECATED_OBJC_IMPLEMENTATIONS = YES;
				CLANG_WARN_DIRECT_OBJC_ISA_USAGE = YES_ERROR;
				CLANG_WARN_DOCUMENTATION_COMMENTS = YES;
				CLANG_WARN_EMPTY_BODY = YES;
				CLANG_WARN_ENUM_CONVERSION = YES;
				CLANG_WARN_INFINITE_RECURSION = YES;
				CLANG_WARN_INT_CONVERSION = YES;
				CLANG_WARN_NON_LITERAL_NULL_CONVERSION = YES;
				CLANG_WARN_OBJC_IMPLICIT_RETAIN_SELF = YES;
				CLANG_WARN_OBJC_LITERAL_CONVERSION = YES;
				CLANG_WARN_OBJC_ROOT_CLASS = YES_ERROR;
				CLANG_WARN_RANGE_LOOP_ANALYSIS = YES;
				CLANG_WARN_STRICT_PROTOTYPES = YES;
				CLANG_WARN_SUSPICIOUS_MOVE = YES;
				CLANG_WARN_UNGUARDED_AVAILABILITY = YES_AGGRESSIVE;
				CLANG_WARN_UNREACHABLE_CODE = YES;
				CLANG_WARN__DUPLICATE_METHOD_MATCH = YES;
				CODE_SIGN_IDENTITY = "iPhone Developer";
				COPY_PHASE_STRIP = NO;
				DEBUG_INFORMATION_FORMAT = dwarf;
				ENABLE_STRICT_OBJC_MSGSEND = YES;
				ENABLE_TESTABILITY = YES;
				GCC_C_LANGUAGE_STANDARD = gnu11;
				GCC_DYNAMIC_NO_PIC = NO;
				GCC_NO_COMMON_BLOCKS = YES;
				GCC_OPTIMIZATION_LEVEL = 0;
				GCC_PREPROCESSOR_DEFINITIONS = (
					"DEBUG=1",
					"$(inherited)",
				);
				GCC_WARN_64_TO_32_BIT_CONVERSION = YES;
				GCC_WARN_ABOUT_RETURN_TYPE = YES_ERROR;
				GCC_WARN_UNDECLARED_SELECTOR = YES;
				GCC_WARN_UNINITIALIZED_AUTOS = YES_AGGRESSIVE;
				GCC_WARN_UNUSED_FUNCTION = YES;
				GCC_WARN_UNUSED_VARIABLE = YES;
				IPHONEOS_DEPLOYMENT_TARGET = 11.4;
				MTL_ENABLE_DEBUG_INFO = YES;
				ONLY_ACTIVE_ARCH = YES;
				SDKROOT = iphoneos;
				SWIFT_ACTIVE_COMPILATION_CONDITIONS = DEBUG;
				SWIFT_OPTIMIZATION_LEVEL = "-Onone";
			};
			name = Debug;
		};
		DCD8A4552122D1AB0000BF62 /* Release */ = {
			isa = XCBuildConfiguration;
			buildSettings = {
				ALWAYS_SEARCH_USER_PATHS = NO;
				CLANG_ANALYZER_NONNULL = YES;
				CLANG_ANALYZER_NUMBER_OBJECT_CONVERSION = YES_AGGRESSIVE;
				CLANG_CXX_LANGUAGE_STANDARD = "gnu++14";
				CLANG_CXX_LIBRARY = "libc++";
				CLANG_ENABLE_MODULES = YES;
				CLANG_ENABLE_OBJC_ARC = YES;
				CLANG_ENABLE_OBJC_WEAK = YES;
				CLANG_WARN_BLOCK_CAPTURE_AUTORELEASING = YES;
				CLANG_WARN_BOOL_CONVERSION = YES;
				CLANG_WARN_COMMA = YES;
				CLANG_WARN_CONSTANT_CONVERSION = YES;
				CLANG_WARN_DEPRECATED_OBJC_IMPLEMENTATIONS = YES;
				CLANG_WARN_DIRECT_OBJC_ISA_USAGE = YES_ERROR;
				CLANG_WARN_DOCUMENTATION_COMMENTS = YES;
				CLANG_WARN_EMPTY_BODY = YES;
				CLANG_WARN_ENUM_CONVERSION = YES;
				CLANG_WARN_INFINITE_RECURSION = YES;
				CLANG_WARN_INT_CONVERSION = YES;
				CLANG_WARN_NON_LITERAL_NULL_CONVERSION = YES;
				CLANG_WARN_OBJC_IMPLICIT_RETAIN_SELF = YES;
				CLANG_WARN_OBJC_LITERAL_CONVERSION = YES;
				CLANG_WARN_OBJC_ROOT_CLASS = YES_ERROR;
				CLANG_WARN_RANGE_LOOP_ANALYSIS = YES;
				CLANG_WARN_STRICT_PROTOTYPES = YES;
				CLANG_WARN_SUSPICIOUS_MOVE = YES;
				CLANG_WARN_UNGUARDED_AVAILABILITY = YES_AGGRESSIVE;
				CLANG_WARN_UNREACHABLE_CODE = YES;
				CLANG_WARN__DUPLICATE_METHOD_MATCH = YES;
				CODE_SIGN_IDENTITY = "iPhone Developer";
				COPY_PHASE_STRIP = NO;
				DEBUG_INFORMATION_FORMAT = "dwarf-with-dsym";
				ENABLE_NS_ASSERTIONS = NO;
				ENABLE_STRICT_OBJC_MSGSEND = YES;
				GCC_C_LANGUAGE_STANDARD = gnu11;
				GCC_NO_COMMON_BLOCKS = YES;
				GCC_WARN_64_TO_32_BIT_CONVERSION = YES;
				GCC_WARN_ABOUT_RETURN_TYPE = YES_ERROR;
				GCC_WARN_UNDECLARED_SELECTOR = YES;
				GCC_WARN_UNINITIALIZED_AUTOS = YES_AGGRESSIVE;
				GCC_WARN_UNUSED_FUNCTION = YES;
				GCC_WARN_UNUSED_VARIABLE = YES;
				IPHONEOS_DEPLOYMENT_TARGET = 11.4;
				MTL_ENABLE_DEBUG_INFO = NO;
				SDKROOT = iphoneos;
				SWIFT_COMPILATION_MODE = wholemodule;
				SWIFT_OPTIMIZATION_LEVEL = "-O";
				VALIDATE_PRODUCT = YES;
			};
			name = Release;
		};
		DCD8A4572122D1AB0000BF62 /* Debug */ = {
			isa = XCBuildConfiguration;
			baseConfigurationReference = 3B9126EDAFFD6585F12F9EE4 /* Pods-HelloWorldWithPods.debug.xcconfig */;
			buildSettings = {
				ASSETCATALOG_COMPILER_APPICON_NAME = AppIcon;
				CODE_SIGN_STYLE = Automatic;
				DEVELOPMENT_TEAM = 4DADAKRE5X;
				INFOPLIST_FILE = HelloWorldWithPods/Info.plist;
				LD_RUNPATH_SEARCH_PATHS = (
					"$(inherited)",
					"@executable_path/Frameworks",
				);
				PRODUCT_BUNDLE_IDENTIFIER = com.mokriya.HelloWorldWithPods;
				PRODUCT_NAME = "$(TARGET_NAME)";
				SWIFT_VERSION = 4.0;
				TARGETED_DEVICE_FAMILY = "1,2";
			};
			name = Debug;
		};
		DCD8A4582122D1AB0000BF62 /* Release */ = {
			isa = XCBuildConfiguration;
			baseConfigurationReference = 217DB9BD849BF32D8429FCE0 /* Pods-HelloWorldWithPods.release.xcconfig */;
			buildSettings = {
				ASSETCATALOG_COMPILER_APPICON_NAME = AppIcon;
				CODE_SIGN_STYLE = Automatic;
				DEVELOPMENT_TEAM = 4DADAKRE5X;
				INFOPLIST_FILE = HelloWorldWithPods/Info.plist;
				LD_RUNPATH_SEARCH_PATHS = (
					"$(inherited)",
					"@executable_path/Frameworks",
				);
				PRODUCT_BUNDLE_IDENTIFIER = com.mokriya.HelloWorldWithPods;
				PRODUCT_NAME = "$(TARGET_NAME)";
				SWIFT_VERSION = 4.0;
				TARGETED_DEVICE_FAMILY = "1,2";
			};
			name = Release;
		};
		DCD8A45A2122D1AB0000BF62 /* Debug */ = {
			isa = XCBuildConfiguration;
			baseConfigurationReference = 388FBFA09D003F96C924D618 /* Pods-HelloWorldWithPodsTests.debug.xcconfig */;
			buildSettings = {
				ALWAYS_EMBED_SWIFT_STANDARD_LIBRARIES = YES;
				BUNDLE_LOADER = "$(TEST_HOST)";
				CODE_SIGN_STYLE = Automatic;
				INFOPLIST_FILE = HelloWorldWithPodsTests/Info.plist;
				LD_RUNPATH_SEARCH_PATHS = (
					"$(inherited)",
					"@executable_path/Frameworks",
					"@loader_path/Frameworks",
				);
				PRODUCT_BUNDLE_IDENTIFIER = com.mokriya.HelloWorldWithPodsTests;
				PRODUCT_NAME = "$(TARGET_NAME)";
				SWIFT_VERSION = 4.0;
				TARGETED_DEVICE_FAMILY = "1,2";
				TEST_HOST = "$(BUILT_PRODUCTS_DIR)/HelloWorldWithPods.app/HelloWorldWithPods";
			};
			name = Debug;
		};
		DCD8A45B2122D1AB0000BF62 /* Release */ = {
			isa = XCBuildConfiguration;
			baseConfigurationReference = 3803B5C8AFA14D5635B10AC2 /* Pods-HelloWorldWithPodsTests.release.xcconfig */;
			buildSettings = {
				ALWAYS_EMBED_SWIFT_STANDARD_LIBRARIES = YES;
				BUNDLE_LOADER = "$(TEST_HOST)";
				CODE_SIGN_STYLE = Automatic;
				INFOPLIST_FILE = HelloWorldWithPodsTests/Info.plist;
				LD_RUNPATH_SEARCH_PATHS = (
					"$(inherited)",
					"@executable_path/Frameworks",
					"@loader_path/Frameworks",
				);
				PRODUCT_BUNDLE_IDENTIFIER = com.mokriya.HelloWorldWithPodsTests;
				PRODUCT_NAME = "$(TARGET_NAME)";
				SWIFT_VERSION = 4.0;
				TARGETED_DEVICE_FAMILY = "1,2";
				TEST_HOST = "$(BUILT_PRODUCTS_DIR)/HelloWorldWithPods.app/HelloWorldWithPods";
			};
			name = Release;
		};
		DCD8A45D2122D1AB0000BF62 /* Debug */ = {
			isa = XCBuildConfiguration;
			baseConfigurationReference = A45C7CB1E605DB3D064F1C2E /* Pods-HelloWorldWithPodsUITests.debug.xcconfig */;
			buildSettings = {
				ALWAYS_EMBED_SWIFT_STANDARD_LIBRARIES = YES;
				CODE_SIGN_STYLE = Automatic;
				INFOPLIST_FILE = HelloWorldWithPodsUITests/Info.plist;
				LD_RUNPATH_SEARCH_PATHS = (
					"$(inherited)",
					"@executable_path/Frameworks",
					"@loader_path/Frameworks",
				);
				PRODUCT_BUNDLE_IDENTIFIER = com.mokriya.HelloWorldWithPodsUITests;
				PRODUCT_NAME = "$(TARGET_NAME)";
				SWIFT_VERSION = 4.0;
				TARGETED_DEVICE_FAMILY = "1,2";
				TEST_TARGET_NAME = HelloWorldWithPods;
			};
			name = Debug;
		};
		DCD8A45E2122D1AB0000BF62 /* Release */ = {
			isa = XCBuildConfiguration;
			baseConfigurationReference = 4B458DB9FCB703C8F9EBB6E9 /* Pods-HelloWorldWithPodsUITests.release.xcconfig */;
			buildSettings = {
				ALWAYS_EMBED_SWIFT_STANDARD_LIBRARIES = YES;
				CODE_SIGN_STYLE = Automatic;
				INFOPLIST_FILE = HelloWorldWithPodsUITests/Info.plist;
				LD_RUNPATH_SEARCH_PATHS = (
					"$(inherited)",
					"@executable_path/Frameworks",
					"@loader_path/Frameworks",
				);
				PRODUCT_BUNDLE_IDENTIFIER = com.mokriya.HelloWorldWithPodsUITests;
				PRODUCT_NAME = "$(TARGET_NAME)";
				SWIFT_VERSION = 4.0;
				TARGETED_DEVICE_FAMILY = "1,2";
				TEST_TARGET_NAME = HelloWorldWithPods;
			};
			name = Release;
		};
/* End XCBuildConfiguration section */

/* Begin XCConfigurationList section */
		DCD8A4292122D1A80000BF62 /* Build configuration list for PBXProject "HelloWorldWithPods" */ = {
			isa = XCConfigurationList;
			buildConfigurations = (
				DCD8A4542122D1AB0000BF62 /* Debug */,
				DCD8A4552122D1AB0000BF62 /* Release */,
			);
			defaultConfigurationIsVisible = 0;
			defaultConfigurationName = Release;
		};
		DCD8A4562122D1AB0000BF62 /* Build configuration list for PBXNativeTarget "HelloWorldWithPods" */ = {
			isa = XCConfigurationList;
			buildConfigurations = (
				DCD8A4572122D1AB0000BF62 /* Debug */,
				DCD8A4582122D1AB0000BF62 /* Release */,
			);
			defaultConfigurationIsVisible = 0;
			defaultConfigurationName = Release;
		};
		DCD8A4592122D1AB0000BF62 /* Build configuration list for PBXNativeTarget "HelloWorldWithPodsTests" */ = {
			isa = XCConfigurationList;
			buildConfigurations = (
				DCD8A45A2122D1AB0000BF62 /* Debug */,
				DCD8A45B2122D1AB0000BF62 /* Release */,
			);
			defaultConfigurationIsVisible = 0;
			defaultConfigurationName = Release;
		};
		DCD8A45C2122D1AB0000BF62 /* Build configuration list for PBXNativeTarget "HelloWorldWithPodsUITests" */ = {
			isa = XCConfigurationList;
			buildConfigurations = (
				DCD8A45D2122D1AB0000BF62 /* Debug */,
				DCD8A45E2122D1AB0000BF62 /* Release */,
			);
			defaultConfigurationIsVisible = 0;
			defaultConfigurationName = Release;
		};
/* End XCConfigurationList section */
	};
	rootObject = DCD8A4262122D1A80000BF62 /* Project object */;
}
